// !$*UTF8*$!
{
	archiveVersion = 1;
	classes = {
	};
	objectVersion = 46;
	objects = {

/* Begin PBXBuildFile section */
		A34B40121EC99006003D7E01 /* AppDelegate.swift in Sources */ = {isa = PBXBuildFile; fileRef = A34B40111EC99006003D7E01 /* AppDelegate.swift */; };
		A34B40141EC99006003D7E01 /* ViewController.swift in Sources */ = {isa = PBXBuildFile; fileRef = A34B40131EC99006003D7E01 /* ViewController.swift */; };
		A34B40171EC99006003D7E01 /* Main.storyboard in Resources */ = {isa = PBXBuildFile; fileRef = A34B40151EC99006003D7E01 /* Main.storyboard */; };
		A34B40191EC99006003D7E01 /* Assets.xcassets in Resources */ = {isa = PBXBuildFile; fileRef = A34B40181EC99006003D7E01 /* Assets.xcassets */; };
		A34B401C1EC99007003D7E01 /* LaunchScreen.storyboard in Resources */ = {isa = PBXBuildFile; fileRef = A34B401A1EC99007003D7E01 /* LaunchScreen.storyboard */; };
		A34B40271EC99007003D7E01 /* FirstKadaiAppTests.swift in Sources */ = {isa = PBXBuildFile; fileRef = A34B40261EC99007003D7E01 /* FirstKadaiAppTests.swift */; };
		A34B40321EC99007003D7E01 /* FirstKadaiAppUITests.swift in Sources */ = {isa = PBXBuildFile; fileRef = A34B40311EC99007003D7E01 /* FirstKadaiAppUITests.swift */; };
/* End PBXBuildFile section */

/* Begin PBXContainerItemProxy section */
		A34B40231EC99007003D7E01 /* PBXContainerItemProxy */ = {
			isa = PBXContainerItemProxy;
			containerPortal = A34B40061EC99006003D7E01 /* Project object */;
			proxyType = 1;
			remoteGlobalIDString = A34B400D1EC99006003D7E01;
			remoteInfo = FirstKadaiApp;
		};
		A34B402E1EC99007003D7E01 /* PBXContainerItemProxy */ = {
			isa = PBXContainerItemProxy;
			containerPortal = A34B40061EC99006003D7E01 /* Project object */;
			proxyType = 1;
			remoteGlobalIDString = A34B400D1EC99006003D7E01;
			remoteInfo = FirstKadaiApp;
		};
/* End PBXContainerItemProxy section */

/* Begin PBXFileReference section */
		A34B400E1EC99006003D7E01 /* FirstKadaiApp.app */ = {isa = PBXFileReference; explicitFileType = wrapper.application; includeInIndex = 0; path = FirstKadaiApp.app; sourceTree = BUILT_PRODUCTS_DIR; };
		A34B40111EC99006003D7E01 /* AppDelegate.swift */ = {isa = PBXFileReference; lastKnownFileType = sourcecode.swift; path = AppDelegate.swift; sourceTree = "<group>"; };
		A34B40131EC99006003D7E01 /* ViewController.swift */ = {isa = PBXFileReference; lastKnownFileType = sourcecode.swift; path = ViewController.swift; sourceTree = "<group>"; };
		A34B40161EC99006003D7E01 /* Base */ = {isa = PBXFileReference; lastKnownFileType = file.storyboard; name = Base; path = Base.lproj/Main.storyboard; sourceTree = "<group>"; };
		A34B40181EC99006003D7E01 /* Assets.xcassets */ = {isa = PBXFileReference; lastKnownFileType = folder.assetcatalog; path = Assets.xcassets; sourceTree = "<group>"; };
		A34B401B1EC99007003D7E01 /* Base */ = {isa = PBXFileReference; lastKnownFileType = file.storyboard; name = Base; path = Base.lproj/LaunchScreen.storyboard; sourceTree = "<group>"; };
		A34B401D1EC99007003D7E01 /* Info.plist */ = {isa = PBXFileReference; lastKnownFileType = text.plist.xml; path = Info.plist; sourceTree = "<group>"; };
		A34B40221EC99007003D7E01 /* FirstKadaiAppTests.xctest */ = {isa = PBXFileReference; explicitFileType = wrapper.cfbundle; includeInIndex = 0; path = FirstKadaiAppTests.xctest; sourceTree = BUILT_PRODUCTS_DIR; };
		A34B40261EC99007003D7E01 /* FirstKadaiAppTests.swift */ = {isa = PBXFileReference; lastKnownFileType = sourcecode.swift; path = FirstKadaiAppTests.swift; sourceTree = "<group>"; };
		A34B40281EC99007003D7E01 /* Info.plist */ = {isa = PBXFileReference; lastKnownFileType = text.plist.xml; path = Info.plist; sourceTree = "<group>"; };
		A34B402D1EC99007003D7E01 /* FirstKadaiAppUITests.xctest */ = {isa = PBXFileReference; explicitFileType = wrapper.cfbundle; includeInIndex = 0; path = FirstKadaiAppUITests.xctest; sourceTree = BUILT_PRODUCTS_DIR; };
		A34B40311EC99007003D7E01 /* FirstKadaiAppUITests.swift */ = {isa = PBXFileReference; lastKnownFileType = sourcecode.swift; path = FirstKadaiAppUITests.swift; sourceTree = "<group>"; };
		A34B40331EC99007003D7E01 /* Info.plist */ = {isa = PBXFileReference; lastKnownFileType = text.plist.xml; path = Info.plist; sourceTree = "<group>"; };
/* End PBXFileReference section */

/* Begin PBXFrameworksBuildPhase section */
		A34B400B1EC99006003D7E01 /* Frameworks */ = {
			isa = PBXFrameworksBuildPhase;
			buildActionMask = 2147483647;
			files = (
			);
			runOnlyForDeploymentPostprocessing = 0;
		};
		A34B401F1EC99007003D7E01 /* Frameworks */ = {
			isa = PBXFrameworksBuildPhase;
			buildActionMask = 2147483647;
			files = (
			);
			runOnlyForDeploymentPostprocessing = 0;
		};
		A34B402A1EC99007003D7E01 /* Frameworks */ = {
			isa = PBXFrameworksBuildPhase;
			buildActionMask = 2147483647;
			files = (
			);
			runOnlyForDeploymentPostprocessing = 0;
		};
/* End PBXFrameworksBuildPhase section */

/* Begin PBXGroup section */
		A34B40051EC99006003D7E01 = {
			isa = PBXGroup;
			children = (
				A34B40101EC99006003D7E01 /* FirstKadaiApp */,
				A34B40251EC99007003D7E01 /* FirstKadaiAppTests */,
				A34B40301EC99007003D7E01 /* FirstKadaiAppUITests */,
				A34B400F1EC99006003D7E01 /* Products */,
			);
			sourceTree = "<group>";
		};
		A34B400F1EC99006003D7E01 /* Products */ = {
			isa = PBXGroup;
			children = (
				A34B400E1EC99006003D7E01 /* FirstKadaiApp.app */,
				A34B40221EC99007003D7E01 /* FirstKadaiAppTests.xctest */,
				A34B402D1EC99007003D7E01 /* FirstKadaiAppUITests.xctest */,
			);
			name = Products;
			sourceTree = "<group>";
		};
		A34B40101EC99006003D7E01 /* FirstKadaiApp */ = {
			isa = PBXGroup;
			children = (
				A34B40111EC99006003D7E01 /* AppDelegate.swift */,
				A34B40131EC99006003D7E01 /* ViewController.swift */,
				A34B40151EC99006003D7E01 /* Main.storyboard */,
				A34B40181EC99006003D7E01 /* Assets.xcassets */,
				A34B401A1EC99007003D7E01 /* LaunchScreen.storyboard */,
				A34B401D1EC99007003D7E01 /* Info.plist */,
			);
			path = FirstKadaiApp;
			sourceTree = "<group>";
		};
		A34B40251EC99007003D7E01 /* FirstKadaiAppTests */ = {
			isa = PBXGroup;
			children = (
				A34B40261EC99007003D7E01 /* FirstKadaiAppTests.swift */,
				A34B40281EC99007003D7E01 /* Info.plist */,
			);
			path = FirstKadaiAppTests;
			sourceTree = "<group>";
		};
		A34B40301EC99007003D7E01 /* FirstKadaiAppUITests */ = {
			isa = PBXGroup;
			children = (
				A34B40311EC99007003D7E01 /* FirstKadaiAppUITests.swift */,
				A34B40331EC99007003D7E01 /* Info.plist */,
			);
			path = FirstKadaiAppUITests;
			sourceTree = "<group>";
		};
/* End PBXGroup section */

/* Begin PBXNativeTarget section */
		A34B400D1EC99006003D7E01 /* FirstKadaiApp */ = {
			isa = PBXNativeTarget;
			buildConfigurationList = A34B40361EC99007003D7E01 /* Build configuration list for PBXNativeTarget "FirstKadaiApp" */;
			buildPhases = (
				A34B400A1EC99006003D7E01 /* Sources */,
				A34B400B1EC99006003D7E01 /* Frameworks */,
				A34B400C1EC99006003D7E01 /* Resources */,
			);
			buildRules = (
			);
			dependencies = (
			);
			name = FirstKadaiApp;
			productName = FirstKadaiApp;
			productReference = A34B400E1EC99006003D7E01 /* FirstKadaiApp.app */;
			productType = "com.apple.product-type.application";
		};
		A34B40211EC99007003D7E01 /* FirstKadaiAppTests */ = {
			isa = PBXNativeTarget;
			buildConfigurationList = A34B40391EC99007003D7E01 /* Build configuration list for PBXNativeTarget "FirstKadaiAppTests" */;
			buildPhases = (
				A34B401E1EC99007003D7E01 /* Sources */,
				A34B401F1EC99007003D7E01 /* Frameworks */,
				A34B40201EC99007003D7E01 /* Resources */,
			);
			buildRules = (
			);
			dependencies = (
				A34B40241EC99007003D7E01 /* PBXTargetDependency */,
			);
			name = FirstKadaiAppTests;
			productName = FirstKadaiAppTests;
			productReference = A34B40221EC99007003D7E01 /* FirstKadaiAppTests.xctest */;
			productType = "com.apple.product-type.bundle.unit-test";
		};
		A34B402C1EC99007003D7E01 /* FirstKadaiAppUITests */ = {
			isa = PBXNativeTarget;
			buildConfigurationList = A34B403C1EC99007003D7E01 /* Build configuration list for PBXNativeTarget "FirstKadaiAppUITests" */;
			buildPhases = (
				A34B40291EC99007003D7E01 /* Sources */,
				A34B402A1EC99007003D7E01 /* Frameworks */,
				A34B402B1EC99007003D7E01 /* Resources */,
			);
			buildRules = (
			);
			dependencies = (
				A34B402F1EC99007003D7E01 /* PBXTargetDependency */,
			);
			name = FirstKadaiAppUITests;
			productName = FirstKadaiAppUITests;
			productReference = A34B402D1EC99007003D7E01 /* FirstKadaiAppUITests.xctest */;
			productType = "com.apple.product-type.bundle.ui-testing";
		};
/* End PBXNativeTarget section */

/* Begin PBXProject section */
		A34B40061EC99006003D7E01 /* Project object */ = {
			isa = PBXProject;
			attributes = {
				LastSwiftUpdateCheck = 0830;
				LastUpgradeCheck = 0830;
				ORGANIZATIONNAME = Ai.Kitagawa;
				TargetAttributes = {
					A34B400D1EC99006003D7E01 = {
						CreatedOnToolsVersion = 8.3.2;
						ProvisioningStyle = Automatic;
					};
					A34B40211EC99007003D7E01 = {
						CreatedOnToolsVersion = 8.3.2;
						ProvisioningStyle = Automatic;
						TestTargetID = A34B400D1EC99006003D7E01;
					};
					A34B402C1EC99007003D7E01 = {
						CreatedOnToolsVersion = 8.3.2;
						ProvisioningStyle = Automatic;
						TestTargetID = A34B400D1EC99006003D7E01;
					};
				};
			};
			buildConfigurationList = A34B40091EC99006003D7E01 /* Build configuration list for PBXProject "FirstKadaiApp" */;
			compatibilityVersion = "Xcode 3.2";
			developmentRegion = English;
			hasScannedForEncodings = 0;
			knownRegions = (
				en,
				Base,
			);
			mainGroup = A34B40051EC99006003D7E01;
			productRefGroup = A34B400F1EC99006003D7E01 /* Products */;
			projectDirPath = "";
			projectRoot = "";
			targets = (
				A34B400D1EC99006003D7E01 /* FirstKadaiApp */,
				A34B40211EC99007003D7E01 /* FirstKadaiAppTests */,
				A34B402C1EC99007003D7E01 /* FirstKadaiAppUITests */,
			);
		};
/* End PBXProject section */

/* Begin PBXResourcesBuildPhase section */
		A34B400C1EC99006003D7E01 /* Resources */ = {
			isa = PBXResourcesBuildPhase;
			buildActionMask = 2147483647;
			files = (
				A34B401C1EC99007003D7E01 /* LaunchScreen.storyboard in Resources */,
				A34B40191EC99006003D7E01 /* Assets.xcassets in Resources */,
				A34B40171EC99006003D7E01 /* Main.storyboard in Resources */,
			);
			runOnlyForDeploymentPostprocessing = 0;
		};
		A34B40201EC99007003D7E01 /* Resources */ = {
			isa = PBXResourcesBuildPhase;
			buildActionMask = 2147483647;
			files = (
			);
			runOnlyForDeploymentPostprocessing = 0;
		};
		A34B402B1EC99007003D7E01 /* Resources */ = {
			isa = PBXResourcesBuildPhase;
			buildActionMask = 2147483647;
			files = (
			);
			runOnlyForDeploymentPostprocessing = 0;
		};
/* End PBXResourcesBuildPhase section */

/* Begin PBXSourcesBuildPhase section */
		A34B400A1EC99006003D7E01 /* Sources */ = {
			isa = PBXSourcesBuildPhase;
			buildActionMask = 2147483647;
			files = (
				A34B40141EC99006003D7E01 /* ViewController.swift in Sources */,
				A34B40121EC99006003D7E01 /* AppDelegate.swift in Sources */,
			);
			runOnlyForDeploymentPostprocessing = 0;
		};
		A34B401E1EC99007003D7E01 /* Sources */ = {
			isa = PBXSourcesBuildPhase;
			buildActionMask = 2147483647;
			files = (
				A34B40271EC99007003D7E01 /* FirstKadaiAppTests.swift in Sources */,
			);
			runOnlyForDeploymentPostprocessing = 0;
		};
		A34B40291EC99007003D7E01 /* Sources */ = {
			isa = PBXSourcesBuildPhase;
			buildActionMask = 2147483647;
			files = (
				A34B40321EC99007003D7E01 /* FirstKadaiAppUITests.swift in Sources */,
			);
			runOnlyForDeploymentPostprocessing = 0;
		};
/* End PBXSourcesBuildPhase section */

/* Begin PBXTargetDependency section */
		A34B40241EC99007003D7E01 /* PBXTargetDependency */ = {
			isa = PBXTargetDependency;
			target = A34B400D1EC99006003D7E01 /* FirstKadaiApp */;
			targetProxy = A34B40231EC99007003D7E01 /* PBXContainerItemProxy */;
		};
		A34B402F1EC99007003D7E01 /* PBXTargetDependency */ = {
			isa = PBXTargetDependency;
			target = A34B400D1EC99006003D7E01 /* FirstKadaiApp */;
			targetProxy = A34B402E1EC99007003D7E01 /* PBXContainerItemProxy */;
		};
/* End PBXTargetDependency section */

/* Begin PBXVariantGroup section */
		A34B40151EC99006003D7E01 /* Main.storyboard */ = {
			isa = PBXVariantGroup;
			children = (
				A34B40161EC99006003D7E01 /* Base */,
			);
			name = Main.storyboard;
			sourceTree = "<group>";
		};
		A34B401A1EC99007003D7E01 /* LaunchScreen.storyboard */ = {
			isa = PBXVariantGroup;
			children = (
				A34B401B1EC99007003D7E01 /* Base */,
			);
			name = LaunchScreen.storyboard;
			sourceTree = "<group>";
		};
/* End PBXVariantGroup section */

/* Begin XCBuildConfiguration section */
		A34B40341EC99007003D7E01 /* Debug */ = {
			isa = XCBuildConfiguration;
			buildSettings = {
				ALWAYS_SEARCH_USER_PATHS = NO;
				CLANG_ANALYZER_NONNULL = YES;
				CLANG_ANALYZER_NUMBER_OBJECT_CONVERSION = YES_AGGRESSIVE;
				CLANG_CXX_LANGUAGE_STANDARD = "gnu++0x";
				CLANG_CXX_LIBRARY = "libc++";
				CLANG_ENABLE_MODULES = YES;
				CLANG_ENABLE_OBJC_ARC = YES;
				CLANG_WARN_BOOL_CONVERSION = YES;
				CLANG_WARN_CONSTANT_CONVERSION = YES;
				CLANG_WARN_DIRECT_OBJC_ISA_USAGE = YES_ERROR;
				CLANG_WARN_DOCUMENTATION_COMMENTS = YES;
				CLANG_WARN_EMPTY_BODY = YES;
				CLANG_WARN_ENUM_CONVERSION = YES;
				CLANG_WARN_INFINITE_RECURSION = YES;
				CLANG_WARN_INT_CONVERSION = YES;
				CLANG_WARN_OBJC_ROOT_CLASS = YES_ERROR;
				CLANG_WARN_SUSPICIOUS_MOVE = YES;
				CLANG_WARN_UNREACHABLE_CODE = YES;
				CLANG_WARN__DUPLICATE_METHOD_MATCH = YES;
				"CODE_SIGN_IDENTITY[sdk=iphoneos*]" = "iPhone Developer";
				COPY_PHASE_STRIP = NO;
				DEBUG_INFORMATION_FORMAT = dwarf;
				ENABLE_STRICT_OBJC_MSGSEND = YES;
				ENABLE_TESTABILITY = YES;
				GCC_C_LANGUAGE_STANDARD = gnu99;
				GCC_DYNAMIC_NO_PIC = NO;
				GCC_NO_COMMON_BLOCKS = YES;
				GCC_OPTIMIZATION_LEVEL = 0;
				GCC_PREPROCESSOR_DEFINITIONS = (
					"DEBUG=1",
					"$(inherited)",
				);
				GCC_WARN_64_TO_32_BIT_CONVERSION = YES;
				GCC_WARN_ABOUT_RETURN_TYPE = YES_ERROR;
				GCC_WARN_UNDECLARED_SELECTOR = YES;
				GCC_WARN_UNINITIALIZED_AUTOS = YES_AGGRESSIVE;
				GCC_WARN_UNUSED_FUNCTION = YES;
				GCC_WARN_UNUSED_VARIABLE = YES;
				IPHONEOS_DEPLOYMENT_TARGET = 10.3;
				MTL_ENABLE_DEBUG_INFO = YES;
				ONLY_ACTIVE_ARCH = YES;
				SDKROOT = iphoneos;
				SWIFT_ACTIVE_COMPILATION_CONDITIONS = DEBUG;
				SWIFT_OPTIMIZATION_LEVEL = "-Onone";
			};
			name = Debug;
		};
		A34B40351EC99007003D7E01 /* Release */ = {
			isa = XCBuildConfiguration;
			buildSettings = {
				ALWAYS_SEARCH_USER_PATHS = NO;
				CLANG_ANALYZER_NONNULL = YES;
				CLANG_ANALYZER_NUMBER_OBJECT_CONVERSION = YES_AGGRESSIVE;
				CLANG_CXX_LANGUAGE_STANDARD = "gnu++0x";
				CLANG_CXX_LIBRARY = "libc++";
				CLANG_ENABLE_MODULES = YES;
				CLANG_ENABLE_OBJC_ARC = YES;
				CLANG_WARN_BOOL_CONVERSION = YES;
				CLANG_WARN_CONSTANT_CONVERSION = YES;
				CLANG_WARN_DIRECT_OBJC_ISA_USAGE = YES_ERROR;
				CLANG_WARN_DOCUMENTATION_COMMENTS = YES;
				CLANG_WARN_EMPTY_BODY = YES;
				CLANG_WARN_ENUM_CONVERSION = YES;
				CLANG_WARN_INFINITE_RECURSION = YES;
				CLANG_WARN_INT_CONVERSION = YES;
				CLANG_WARN_OBJC_ROOT_CLASS = YES_ERROR;
				CLANG_WARN_SUSPICIOUS_MOVE = YES;
				CLANG_WARN_UNREACHABLE_CODE = YES;
				CLANG_WARN__DUPLICATE_METHOD_MATCH = YES;
				"CODE_SIGN_IDENTITY[sdk=iphoneos*]" = "iPhone Developer";
				COPY_PHASE_STRIP = NO;
				DEBUG_INFORMATION_FORMAT = "dwarf-with-dsym";
				ENABLE_NS_ASSERTIONS = NO;
				ENABLE_STRICT_OBJC_MSGSEND = YES;
				GCC_C_LANGUAGE_STANDARD = gnu99;
				GCC_NO_COMMON_BLOCKS = YES;
				GCC_WARN_64_TO_32_BIT_CONVERSION = YES;
				GCC_WARN_ABOUT_RETURN_TYPE = YES_ERROR;
				GCC_WARN_UNDECLARED_SELECTOR = YES;
				GCC_WARN_UNINITIALIZED_AUTOS = YES_AGGRESSIVE;
				GCC_WARN_UNUSED_FUNCTION = YES;
				GCC_WARN_UNUSED_VARIABLE = YES;
				IPHONEOS_DEPLOYMENT_TARGET = 10.3;
				MTL_ENABLE_DEBUG_INFO = NO;
				SDKROOT = iphoneos;
				SWIFT_OPTIMIZATION_LEVEL = "-Owholemodule";
				VALIDATE_PRODUCT = YES;
			};
			name = Release;
		};
		A34B40371EC99007003D7E01 /* Debug */ = {
			isa = XCBuildConfiguration;
			buildSettings = {
				ASSETCATALOG_COMPILER_APPICON_NAME = AppIcon;
				INFOPLIST_FILE = FirstKadaiApp/Info.plist;
				LD_RUNPATH_SEARCH_PATHS = "$(inherited) @executable_path/Frameworks";
				PRODUCT_BUNDLE_IDENTIFIER = jp.techacademy.ai.kitagawa.FirstKadaiApp;
				PRODUCT_NAME = "$(TARGET_NAME)";
				SWIFT_VERSION = 3.0;
			};
			name = Debug;
		};
		A34B40381EC99007003D7E01 /* Release */ = {
			isa = XCBuildConfiguration;
			buildSettings = {
				ASSETCATALOG_COMPILER_APPICON_NAME = AppIcon;
				INFOPLIST_FILE = FirstKadaiApp/Info.plist;
				LD_RUNPATH_SEARCH_PATHS = "$(inherited) @executable_path/Frameworks";
				PRODUCT_BUNDLE_IDENTIFIER = jp.techacademy.ai.kitagawa.FirstKadaiApp;
				PRODUCT_NAME = "$(TARGET_NAME)";
				SWIFT_VERSION = 3.0;
			};
			name = Release;
		};
		A34B403A1EC99007003D7E01 /* Debug */ = {
			isa = XCBuildConfiguration;
			buildSettings = {
				ALWAYS_EMBED_SWIFT_STANDARD_LIBRARIES = YES;
				BUNDLE_LOADER = "$(TEST_HOST)";
				INFOPLIST_FILE = FirstKadaiAppTests/Info.plist;
				LD_RUNPATH_SEARCH_PATHS = "$(inherited) @executable_path/Frameworks @loader_path/Frameworks";
				PRODUCT_BUNDLE_IDENTIFIER = jp.techacademy.ai.kitagawa.FirstKadaiAppTests;
				PRODUCT_NAME = "$(TARGET_NAME)";
				SWIFT_VERSION = 3.0;
				TEST_HOST = "$(BUILT_PRODUCTS_DIR)/FirstKadaiApp.app/FirstKadaiApp";
			};
			name = Debug;
		};
		A34B403B1EC99007003D7E01 /* Release */ = {
			isa = XCBuildConfiguration;
			buildSettings = {
				ALWAYS_EMBED_SWIFT_STANDARD_LIBRARIES = YES;
				BUNDLE_LOADER = "$(TEST_HOST)";
				INFOPLIST_FILE = FirstKadaiAppTests/Info.plist;
				LD_RUNPATH_SEARCH_PATHS = "$(inherited) @executable_path/Frameworks @loader_path/Frameworks";
				PRODUCT_BUNDLE_IDENTIFIER = jp.techacademy.ai.kitagawa.FirstKadaiAppTests;
				PRODUCT_NAME = "$(TARGET_NAME)";
				SWIFT_VERSION = 3.0;
				TEST_HOST = "$(BUILT_PRODUCTS_DIR)/FirstKadaiApp.app/FirstKadaiApp";
			};
			name = Release;
		};
		A34B403D1EC99007003D7E01 /* Debug */ = {
			isa = XCBuildConfiguration;
			buildSettings = {
				ALWAYS_EMBED_SWIFT_STANDARD_LIBRARIES = YES;
				INFOPLIST_FILE = FirstKadaiAppUITests/Info.plist;
				LD_RUNPATH_SEARCH_PATHS = "$(inherited) @executable_path/Frameworks @loader_path/Frameworks";
				PRODUCT_BUNDLE_IDENTIFIER = jp.techacademy.ai.kitagawa.FirstKadaiAppUITests;
				PRODUCT_NAME = "$(TARGET_NAME)";
				SWIFT_VERSION = 3.0;
				TEST_TARGET_NAME = FirstKadaiApp;
			};
			name = Debug;
		};
		A34B403E1EC99007003D7E01 /* Release */ = {
			isa = XCBuildConfiguration;
			buildSettings = {
				ALWAYS_EMBED_SWIFT_STANDARD_LIBRARIES = YES;
				INFOPLIST_FILE = FirstKadaiAppUITests/Info.plist;
				LD_RUNPATH_SEARCH_PATHS = "$(inherited) @executable_path/Frameworks @loader_path/Frameworks";
				PRODUCT_BUNDLE_IDENTIFIER = jp.techacademy.ai.kitagawa.FirstKadaiAppUITests;
				PRODUCT_NAME = "$(TARGET_NAME)";
				SWIFT_VERSION = 3.0;
				TEST_TARGET_NAME = FirstKadaiApp;
			};
			name = Release;
		};
/* End XCBuildConfiguration section */

/* Begin XCConfigurationList section */
		A34B40091EC99006003D7E01 /* Build configuration list for PBXProject "FirstKadaiApp" */ = {
			isa = XCConfigurationList;
			buildConfigurations = (
				A34B40341EC99007003D7E01 /* Debug */,
				A34B40351EC99007003D7E01 /* Release */,
			);
			defaultConfigurationIsVisible = 0;
			defaultConfigurationName = Release;
		};
		A34B40361EC99007003D7E01 /* Build configuration list for PBXNativeTarget "FirstKadaiApp" */ = {
			isa = XCConfigurationList;
			buildConfigurations = (
				A34B40371EC99007003D7E01 /* Debug */,
				A34B40381EC99007003D7E01 /* Release */,
			);
			defaultConfigurationIsVisible = 0;
		};
		A34B40391EC99007003D7E01 /* Build configuration list for PBXNativeTarget "FirstKadaiAppTests" */ = {
			isa = XCConfigurationList;
			buildConfigurations = (
				A34B403A1EC99007003D7E01 /* Debug */,
				A34B403B1EC99007003D7E01 /* Release */,
			);
			defaultConfigurationIsVisible = 0;
		};
		A34B403C1EC99007003D7E01 /* Build configuration list for PBXNativeTarget "FirstKadaiAppUITests" */ = {
			isa = XCConfigurationList;
			buildConfigurations = (
				A34B403D1EC99007003D7E01 /* Debug */,
				A34B403E1EC99007003D7E01 /* Release */,
			);
			defaultConfigurationIsVisible = 0;
		};
/* End XCConfigurationList section */
	};
	rootObject = A34B40061EC99006003D7E01 /* Project object */;
}
